{
  "name": "immudb-playground",
  "lockfileVersion": 2,
  "requires": true,
  "packages": {
    "": {
      "dependencies": {
        "vue-dompurify-html": "^2.3.0"
      }
    },
    "node_modules/dompurify": {
      "version": "2.2.6",
      "resolved": "https://registry.npmjs.org/dompurify/-/dompurify-2.2.6.tgz",
      "integrity": "sha512-7b7ZArhhH0SP6W2R9cqK6RjaU82FZ2UPM7RO8qN1b1wyvC/NY1FNWcX1Pu00fFOAnzEORtwXe4bPaClg6pUybQ=="
    },
    "node_modules/vue": {
      "version": "2.6.12",
      "resolved": "https://registry.npmjs.org/vue/-/vue-2.6.12.tgz",
      "integrity": "sha512-uhmLFETqPPNyuLLbsKz6ioJ4q7AZHzD8ZVFNATNyICSZouqP2Sz0rotWQC8UNBF6VGSCs5abnKJoStA6JbCbfg==",
      "peer": true
    },
    "node_modules/vue-dompurify-html": {
      "version": "2.3.0",
      "resolved": "https://registry.npmjs.org/vue-dompurify-html/-/vue-dompurify-html-2.3.0.tgz",
      "integrity": "sha512-Iz9wI4iiJF+rzC2x3r8quw/VXrkwgMsWXt9p0Le4wXtolBXwMDJOmK3QNMiNg36bzU2b0f3En/wjidoeRVNZ7A==",
      "dependencies": {
        "dompurify": "^2.0.0"
      },
      "peerDependencies": {
        "vue": "^2.0.0"
      }
    }
  },
  "dependencies": {
    "dompurify": {
      "version": "2.2.6",
      "resolved": "https://registry.npmjs.org/dompurify/-/dompurify-2.2.6.tgz",
      "integrity": "sha512-7b7ZArhhH0SP6W2R9cqK6RjaU82FZ2UPM7RO8qN1b1wyvC/NY1FNWcX1Pu00fFOAnzEORtwXe4bPaClg6pUybQ=="
    },
    "vue": {
      "version": "2.6.12",
      "resolved": "https://registry.npmjs.org/vue/-/vue-2.6.12.tgz",
      "integrity": "sha512-uhmLFETqPPNyuLLbsKz6ioJ4q7AZHzD8ZVFNATNyICSZouqP2Sz0rotWQC8UNBF6VGSCs5abnKJoStA6JbCbfg==",
      "peer": true
    },
    "vue-dompurify-html": {
      "version": "2.3.0",
      "resolved": "https://registry.npmjs.org/vue-dompurify-html/-/vue-dompurify-html-2.3.0.tgz",
      "integrity": "sha512-Iz9wI4iiJF+rzC2x3r8quw/VXrkwgMsWXt9p0Le4wXtolBXwMDJOmK3QNMiNg36bzU2b0f3En/wjidoeRVNZ7A==",
      "requires": {
        "dompurify": "^2.0.0"
      }
    }
  }
}
